# This file is autogenerated, do not edit; changes may be undone by the next 'dep ensure'.


[[projects]]
  name = "github.com/davecgh/go-spew"
  packages = ["spew"]
  revision = "346938d642f2ec3594ed81d874461961cd0faa76"
  version = "v1.1.0"

[[projects]]
  branch = "master"
  name = "github.com/ernestio/ernest-config-client"
  packages = ["."]
  revision = "d767474ae0ea944ec7ee6b35d2204d2439ee0fae"

[[projects]]
  branch = "isolate_entities"
  name = "github.com/ernestio/ernestprovider"
  packages = [
    "types",
    "types/azure/availabilityset",
    "types/azure/lb",
    "types/azure/lbbackendaddresspool",
    "types/azure/lbprobe",
    "types/azure/lbrule",
    "types/azure/manageddisk",
    "types/azure/networkinterface",
    "types/azure/publicip",
    "types/azure/resourcegroup",
    "types/azure/securitygroup",
    "types/azure/sqldatabase",
    "types/azure/sqlfirewallrule",
    "types/azure/sqlserver",
    "types/azure/storageaccount",
    "types/azure/storagecontainer",
    "types/azure/subnet",
    "types/azure/virtualmachine",
    "types/azure/virtualnetwork",
    "validator"
  ]
  revision = "a472ec48415a98ac1a90ad30c8eae59cec2f74c2"

[[projects]]
  name = "github.com/go-playground/locales"
  packages = [
    ".",
    "currency",
    "en"
  ]
  revision = "e4cbcb5d0652150d40ad0646651076b6bd2be4f6"
  version = "v0.11.2"

[[projects]]
  name = "github.com/go-playground/universal-translator"
  packages = ["."]
  revision = "b32fa301c9fe55953584134cb6853a13c87ec0a1"
  version = "v0.16.0"

[[projects]]
  name = "github.com/jinzhu/gorm"
  packages = [
    ".",
    "dialects/postgres"
  ]
  revision = "5174cc5c242a728b435ea2be8a2f7f998e15429b"
  version = "v1.0"

[[projects]]
  branch = "master"
  name = "github.com/jinzhu/inflection"
  packages = ["."]
  revision = "1c35d901db3da928c72a72d8458480cc9ade058f"

[[projects]]
  branch = "master"
  name = "github.com/lib/pq"
  packages = [
    ".",
    "hstore",
    "oid"
  ]
  revision = "19c8e9ad00952ce0c64489b60e8df88bb16dd514"

[[projects]]
  branch = "master"
  name = "github.com/mitchellh/mapstructure"
  packages = ["."]
  revision = "b4575eea38cca1123ec2dc90c26529b5c5acfcff"

[[projects]]
  name = "github.com/nats-io/go-nats"
  packages = [
    "encoders/builtin",
    "util"
  ]
  revision = "d66cb54e6b7bdd93f0b28afc8450d84c780dfb68"
  version = "v1.4.0"

[[projects]]
  name = "github.com/nats-io/nats"
  packages = ["."]
  revision = "d66cb54e6b7bdd93f0b28afc8450d84c780dfb68"
  version = "v1.4.0"

[[projects]]
  name = "github.com/nats-io/nuid"
  packages = ["."]
  revision = "289cccf02c178dc782430d534e3c1f5b72af807f"
  version = "v1.0.0"

[[projects]]
  name = "github.com/pmezard/go-difflib"
  packages = ["difflib"]
  revision = "792786c7400a136282c1664665ae0a8db921c6c2"
  version = "v1.0.0"

[[projects]]
  branch = "master"
  name = "github.com/r3labs/akira"
  packages = ["."]
  revision = "0f4f76b1155209cbdd18da3693f44f4fc9f8275d"

[[projects]]
  name = "github.com/r3labs/binary-prefix"
  packages = ["."]
  revision = "a1bfbeadf16091ea61877c994c47f65aa97cd747"
  version = "1.0.0"

[[projects]]
  branch = "master"
  name = "github.com/r3labs/diff"
  packages = ["."]
  revision = "94f6e3434299a8466b500bbf08ee11228d3a3986"

[[projects]]
  branch = "master"
  name = "github.com/r3labs/graph"
  packages = ["."]
  revision = "1cf5f05c50b469fecdaf52697f11c3d1a320b90c"

[[projects]]
  name = "github.com/stretchr/testify"
  packages = [
    "assert",
    "require",
    "suite"
  ]
  revision = "b91bfb9ebec76498946beb6af7c0230c7cc7ba6c"
  version = "v1.2.0"

[[projects]]
  branch = "v1"
  name = "gopkg.in/bsm/ratelimit.v1"
  packages = ["."]
  revision = "db14e161995a5177acef654cb0dd785e8ee8bc22"

[[projects]]
  name = "gopkg.in/go-playground/validator.v9"
  packages = [
    ".",
    "translations/en"
  ]
  revision = "48a433ba4bcadc5be9aa16d4bdcb383d3f57a741"
  version = "v9.9.3"

[[projects]]
  name = "gopkg.in/redis.v3"
  packages = [
    ".",
    "internal",
    "internal/consistenthash",
    "internal/hashtag",
    "internal/pool"
  ]
  revision = "b5e368500d0a508ef8f16e9c2d4025a8a46bcc29"
  version = "v3.6.4"

[[projects]]
  branch = "v2"
  name = "gopkg.in/yaml.v2"
  packages = ["."]
  revision = "d670f9405373e636a5a2765eea47fac0c9bc91a4"

[solve-meta]
  analyzer-name = "dep"
  analyzer-version = 1
  inputs-digest = "51bb08a5587e5bdbf34d196e01d87443d42c0c407eb02a45a77cdbf02c48a1b6"
  solver-name = "gps-cdcl"
  solver-version = 1
